
Microsoft Visual Studio Solution File, Format Version 12.00
# Visual Studio Version 17
VisualStudioVersion = 17.9.34723.18
MinimumVisualStudioVersion = 10.0.40219.1
Project("{8BC9CEB8-8B4A-11D0-8D11-00A0C91BC942}") = "MMORPGBattle", "MMORPGBattle.vcxproj", "{9834C730-73AB-48F4-96FA-C16E1A4EEBEF}"
EndProject
Global
	GlobalSection(SolutionConfigurationPlatforms) = preSolution
		Debug|x64 = Debug|x64
		Debug|x86 = Debug|x86
		Release|x64 = Release|x64
		Release|x86 = Release|x86
	EndGlobalSection
	GlobalSection(ProjectConfigurationPlatforms) = postSolution
		{9834C730-73AB-48F4-96FA-C16E1A4EEBEF}.Debug|x64.ActiveCfg = Debug|x64
		{9834C730-73AB-48F4-96FA-C16E1A4EEBEF}.Debug|x64.Build.0 = Debug|x64
		{9834C730-73AB-48F4-96FA-C16E1A4EEBEF}.Debug|x86.ActiveCfg = Debug|Win32
		{9834C730-73AB-48F4-96FA-C16E1A4EEBEF}.Debug|x86.Build.0 = Debug|Win32
		{9834C730-73AB-48F4-96FA-C16E1A4EEBEF}.Release|x64.ActiveCfg = Release|x64
		{9834C730-73AB-48F4-96FA-C16E1A4EEBEF}.Release|x64.Build.0 = Release|x64
		{9834C730-73AB-48F4-96FA-C16E1A4EEBEF}.Release|x86.ActiveCfg = Release|Win32
		{9834C730-73AB-48F4-96FA-C16E1A4EEBEF}.Release|x86.Build.0 = Release|Win32
	EndGlobalSection
	GlobalSection(SolutionProperties) = preSolution
		HideSolutionNode = FALSE
	EndGlobalSection
	GlobalSection(ExtensibilityGlobals) = postSolution
		SolutionGuid = {D823385B-B9B5-430A-9B02-FF3EEFD6149E}
	EndGlobalSection
EndGlobal
